{
  "name": "mapkerala",
  "lockfileVersion": 2,
  "requires": true,
  "packages": {
    "": {
      "name": "mapkerala",
      "dependencies": {
        "osmtogeojson": "^3.0.0-beta.4"
      }
    },
    "node_modules/@mapbox/geojson-area": {
      "version": "0.2.2",
      "resolved": "https://registry.npmjs.org/@mapbox/geojson-area/-/geojson-area-0.2.2.tgz",
      "integrity": "sha1-GNeBSqNr8j+7zDefjiaiKSfevxA=",
      "dependencies": {
        "wgs84": "0.0.0"
      }
    },
    "node_modules/@mapbox/geojson-rewind": {
      "version": "0.4.0",
      "resolved": "https://registry.npmjs.org/@mapbox/geojson-rewind/-/geojson-rewind-0.4.0.tgz",
      "integrity": "sha512-b+1uPWBERW4Pet/969BNu61ZPDyH2ilIxBjJDFzxyS9TyszF9UrTQyYIl/G38clux3rtpAGGFSGTCSF/qR6UjA==",
      "dependencies": {
        "@mapbox/geojson-area": "0.2.2",
        "concat-stream": "~1.6.0",
        "minimist": "1.2.0",
        "sharkdown": "^0.1.0"
      },
      "bin": {
        "geojson-rewind": "geojson-rewind"
      }
    },
    "node_modules/@mapbox/geojson-rewind/node_modules/concat-stream": {
      "version": "1.6.2",
      "resolved": "https://registry.npmjs.org/concat-stream/-/concat-stream-1.6.2.tgz",
      "integrity": "sha512-27HBghJxjiZtIk3Ycvn/4kbJk/1uZuJFfuPEns6LaEvpvG1f0hTea8lilrouyo9mVc2GWdcEZ8OLoGmSADlrCw==",
      "engines": [
        "node >= 0.8"
      ],
      "dependencies": {
        "buffer-from": "^1.0.0",
        "inherits": "^2.0.3",
        "readable-stream": "^2.2.2",
        "typedarray": "^0.0.6"
      }
    },
    "node_modules/@mapbox/geojson-rewind/node_modules/readable-stream": {
      "version": "2.3.7",
      "resolved": "https://registry.npmjs.org/readable-stream/-/readable-stream-2.3.7.tgz",
      "integrity": "sha512-Ebho8K4jIbHAxnuxi7o42OrZgF/ZTNcsZj6nRKyUmkhLFq8CHItp/fy6hQZuZmP/n3yZ9VBUbp4zz/mX8hmYPw==",
      "dependencies": {
        "core-util-is": "~1.0.0",
        "inherits": "~2.0.3",
        "isarray": "~1.0.0",
        "process-nextick-args": "~2.0.0",
        "safe-buffer": "~5.1.1",
        "string_decoder": "~1.1.1",
        "util-deprecate": "~1.0.1"
      }
    },
    "node_modules/@mapbox/geojson-rewind/node_modules/safe-buffer": {
      "version": "5.1.2",
      "resolved": "https://registry.npmjs.org/safe-buffer/-/safe-buffer-5.1.2.tgz",
      "integrity": "sha512-Gd2UZBJDkXlY7GbJxfsE8/nvKkUEU1G38c1siN6QP6a9PT9MmHB8GnpscSmMJSoF8LOIrt8ud/wPtojys4G6+g=="
    },
    "node_modules/@mapbox/geojson-rewind/node_modules/string_decoder": {
      "version": "1.1.1",
      "resolved": "https://registry.npmjs.org/string_decoder/-/string_decoder-1.1.1.tgz",
      "integrity": "sha512-n/ShnvDi6FHbbVfviro+WojiFzv+s8MPMHBczVePfUpDJLwoLT0ht1l4YwBCbi8pJAveEEdnkHyPyTP/mzRfwg==",
      "dependencies": {
        "safe-buffer": "~5.1.0"
      }
    },
    "node_modules/@types/geojson": {
      "version": "1.0.6",
      "resolved": "https://registry.npmjs.org/@types/geojson/-/geojson-1.0.6.tgz",
      "integrity": "sha512-Xqg/lIZMrUd0VRmSRbCAewtwGZiAk3mEUDvV4op1tGl+LvyPcb/MIOSxTl9z+9+J+R4/vpjiCAT4xeKzH9ji1w==",
      "optional": true
    },
    "node_modules/ansicolors": {
      "version": "0.2.1",
      "resolved": "https://registry.npmjs.org/ansicolors/-/ansicolors-0.2.1.tgz",
      "integrity": "sha1-vgiVmQl7dKXJxKhKDNvNtivYeu8="
    },
    "node_modules/buffer-from": {
      "version": "1.1.2",
      "resolved": "https://registry.npmjs.org/buffer-from/-/buffer-from-1.1.2.tgz",
      "integrity": "sha512-E+XQCRwSbaaiChtv6k6Dwgc+bx+Bs6vuKJHHl5kox/BaKbhiXzqQOwK4cO22yElGp2OCmjwVhT3HmxgyPGnJfQ=="
    },
    "node_modules/cardinal": {
      "version": "0.4.4",
      "resolved": "https://registry.npmjs.org/cardinal/-/cardinal-0.4.4.tgz",
      "integrity": "sha1-ylu2iltRG5D+k7ms6km97lwyv+I=",
      "dependencies": {
        "ansicolors": "~0.2.1",
        "redeyed": "~0.4.0"
      },
      "bin": {
        "cdl": "bin/cdl.js"
      }
    },
    "node_modules/concat-stream": {
      "version": "2.0.0",
      "resolved": "https://registry.npmjs.org/concat-stream/-/concat-stream-2.0.0.tgz",
      "integrity": "sha512-MWufYdFw53ccGjCA+Ol7XJYpAlW6/prSMzuPOTRnJGcGzuhLn4Scrz7qf6o8bROZ514ltazcIFJZevcfbo0x7A==",
      "engines": [
        "node >= 6.0"
      ],
      "dependencies": {
        "buffer-from": "^1.0.0",
        "inherits": "^2.0.3",
        "readable-stream": "^3.0.2",
        "typedarray": "^0.0.6"
      }
    },
    "node_modules/core-util-is": {
      "version": "1.0.3",
      "resolved": "https://registry.npmjs.org/core-util-is/-/core-util-is-1.0.3.tgz",
      "integrity": "sha512-ZQBvi1DcpJ4GDqanjucZ2Hj3wEO5pZDS89BWbkcrvdxksJorwUDDZamX9ldFkp9aw2lmBDLgkObEA4DWNJ9FYQ=="
    },
    "node_modules/domelementtype": {
      "version": "1.3.1",
      "resolved": "https://registry.npmjs.org/domelementtype/-/domelementtype-1.3.1.tgz",
      "integrity": "sha512-BSKB+TSpMpFI/HOxCNr1O8aMOTZ8hT3pM3GQ0w/mWRmkhEDSFJkkyzz4XQsBV44BChwGkrDfMyjVD0eA2aFV3w=="
    },
    "node_modules/domhandler": {
      "version": "2.2.1",
      "resolved": "https://registry.npmjs.org/domhandler/-/domhandler-2.2.1.tgz",
      "integrity": "sha1-Wd+dzSJ+gIs2Wuc+H2aErD2Ub8I=",
      "dependencies": {
        "domelementtype": "1"
      }
    },
    "node_modules/domutils": {
      "version": "1.3.0",
      "resolved": "https://registry.npmjs.org/domutils/-/domutils-1.3.0.tgz",
      "integrity": "sha1-mtTVm1r2ymhMYv5tdo7xcOcN8ZI=",
      "dependencies": {
        "domelementtype": "1"
      }
    },
    "node_modules/esprima": {
      "version": "1.0.4",
      "resolved": "https://registry.npmjs.org/esprima/-/esprima-1.0.4.tgz",
      "integrity": "sha1-n1V+CPw7TSbs6d00+Pv0drYlha0=",
      "bin": {
        "esparse": "bin/esparse.js",
        "esvalidate": "bin/esvalidate.js"
      },
      "engines": {
        "node": ">=0.4.0"
      }
    },
    "node_modules/geojson-numeric": {
      "version": "0.2.1",
      "resolved": "https://registry.npmjs.org/geojson-numeric/-/geojson-numeric-0.2.1.tgz",
      "integrity": "sha512-rvItMp3W7pe16o2EQTnRw54v6WHdiE4bYjUsdr3FZskFb6oPC7gjLe4zginP+Wd1B/HLl2acTukfn16Lmwn7lg==",
      "dependencies": {
        "concat-stream": "2.0.0",
        "optimist": "~0.3.5"
      },
      "bin": {
        "geojson-numeric": "geojson-numeric"
      }
    },
    "node_modules/htmlparser2": {
      "version": "3.5.1",
      "resolved": "https://registry.npmjs.org/htmlparser2/-/htmlparser2-3.5.1.tgz",
      "integrity": "sha1-b0L3ZX3RnBP31l3pEYQXOUoL5tA=",
      "dependencies": {
        "domelementtype": "1",
        "domhandler": "2.2",
        "domutils": "1.3",
        "readable-stream": "1.1"
      }
    },
    "node_modules/htmlparser2/node_modules/isarray": {
      "version": "0.0.1",
      "resolved": "https://registry.npmjs.org/isarray/-/isarray-0.0.1.tgz",
      "integrity": "sha1-ihis/Kmo9Bd+Cav8YDiTmwXR7t8="
    },
    "node_modules/htmlparser2/node_modules/readable-stream": {
      "version": "1.1.14",
      "resolved": "https://registry.npmjs.org/readable-stream/-/readable-stream-1.1.14.tgz",
      "integrity": "sha1-fPTFTvZI44EwhMY23SB54WbAgdk=",
      "dependencies": {
        "core-util-is": "~1.0.0",
        "inherits": "~2.0.1",
        "isarray": "0.0.1",
        "string_decoder": "~0.10.x"
      }
    },
    "node_modules/htmlparser2/node_modules/string_decoder": {
      "version": "0.10.31",
      "resolved": "https://registry.npmjs.org/string_decoder/-/string_decoder-0.10.31.tgz",
      "integrity": "sha1-YuIDvEF2bGwoyfyEMB2rHFMQ+pQ="
    },
    "node_modules/ieee754": {
      "version": "1.2.1",
      "resolved": "https://registry.npmjs.org/ieee754/-/ieee754-1.2.1.tgz",
      "integrity": "sha512-dcyqhDvX1C46lXZcVqCpK+FtMRQVdIMN6/Df5js2zouUsqG7I6sFxitIC+7KYK29KdXOLHdu9zL4sFnoVQnqaA==",
      "funding": [
        {
          "type": "github",
          "url": "https://github.com/sponsors/feross"
        },
        {
          "type": "patreon",
          "url": "https://www.patreon.com/feross"
        },
        {
          "type": "consulting",
          "url": "https://feross.org/support"
        }
      ]
    },
    "node_modules/inherits": {
      "version": "2.0.4",
      "resolved": "https://registry.npmjs.org/inherits/-/inherits-2.0.4.tgz",
      "integrity": "sha512-k/vGaX4/Yla3WzyMCvTQOXYeIHvqOKtnqBduzTHpzpQZzAskKMhZ2K+EnBiSM9zGSoIFeMpXKxa4dYeZIQqewQ=="
    },
    "node_modules/isarray": {
      "version": "1.0.0",
      "resolved": "https://registry.npmjs.org/isarray/-/isarray-1.0.0.tgz",
      "integrity": "sha1-u5NdSFgsuhaMBoNJV6VKPgcSTxE="
    },
    "node_modules/jsonparse": {
      "version": "0.0.5",
      "resolved": "https://registry.npmjs.org/jsonparse/-/jsonparse-0.0.5.tgz",
      "integrity": "sha1-MwVCrT8KZUZlt3jz6y2an6UHrGQ=",
      "engines": [
        "node >= 0.2.0"
      ]
    },
    "node_modules/JSONStream": {
      "version": "0.8.0",
      "resolved": "https://registry.npmjs.org/JSONStream/-/JSONStream-0.8.0.tgz",
      "integrity": "sha1-78Ri1aW8lOwAf0siVxrNf28q4BM=",
      "dependencies": {
        "jsonparse": "0.0.5",
        "through": "~2.2.7"
      },
      "engines": {
        "node": "*"
      }
    },
    "node_modules/minimist": {
      "version": "1.2.0",
      "resolved": "https://registry.npmjs.org/minimist/-/minimist-1.2.0.tgz",
      "integrity": "sha1-o1AIsg9BOD7sH7kU9M1d95omQoQ="
    },
    "node_modules/optimist": {
      "version": "0.3.7",
      "resolved": "https://registry.npmjs.org/optimist/-/optimist-0.3.7.tgz",
      "integrity": "sha1-yQlBrVnkJzMokjB00s8ufLxuwNk=",
      "dependencies": {
        "wordwrap": "~0.0.2"
      }
    },
    "node_modules/osm-polygon-features": {
      "version": "0.9.2",
      "resolved": "https://registry.npmjs.org/osm-polygon-features/-/osm-polygon-features-0.9.2.tgz",
      "integrity": "sha1-IK5BEwxIbkmjsqPCtYoUGcSYZ3g="
    },
    "node_modules/osmtogeojson": {
      "version": "3.0.0-beta.4",
      "resolved": "https://registry.npmjs.org/osmtogeojson/-/osmtogeojson-3.0.0-beta.4.tgz",
      "integrity": "sha512-GwNy2w5JKOplOBspagcNhCDhBRV6Du2BCvcLkaA7nX12U86Dl2Ciw9zs/VzFFTXfyZlaK+7bGCWN2SNlfn/jOA==",
      "dependencies": {
        "@mapbox/geojson-rewind": "0.4.0",
        "concat-stream": "2.0.0",
        "geojson-numeric": "0.2.1",
        "htmlparser2": "3.5.1",
        "JSONStream": "0.8.0",
        "optimist": "~0.3.5",
        "osm-polygon-features": "^0.9.1",
        "tiny-osmpbf": "^0.1.0",
        "xmldom": "~0.1.16"
      },
      "bin": {
        "osmtogeojson": "osmtogeojson"
      },
      "engines": {
        "node": ">=0.5"
      },
      "optionalDependencies": {
        "@types/geojson": "^1.0.2"
      }
    },
    "node_modules/pbf": {
      "version": "3.2.1",
      "resolved": "https://registry.npmjs.org/pbf/-/pbf-3.2.1.tgz",
      "integrity": "sha512-ClrV7pNOn7rtmoQVF4TS1vyU0WhYRnP92fzbfF75jAIwpnzdJXf8iTd4CMEqO4yUenH6NDqLiwjqlh6QgZzgLQ==",
      "dependencies": {
        "ieee754": "^1.1.12",
        "resolve-protobuf-schema": "^2.1.0"
      },
      "bin": {
        "pbf": "bin/pbf"
      }
    },
    "node_modules/process-nextick-args": {
      "version": "2.0.1",
      "resolved": "https://registry.npmjs.org/process-nextick-args/-/process-nextick-args-2.0.1.tgz",
      "integrity": "sha512-3ouUOpQhtgrbOa17J7+uxOTpITYWaGP7/AhoR3+A+/1e9skrzelGi/dXzEYyvbxubEF6Wn2ypscTKiKJFFn1ag=="
    },
    "node_modules/protocol-buffers-schema": {
      "version": "3.6.0",
      "resolved": "https://registry.npmjs.org/protocol-buffers-schema/-/protocol-buffers-schema-3.6.0.tgz",
      "integrity": "sha512-TdDRD+/QNdrCGCE7v8340QyuXd4kIWIgapsE2+n/SaGiSSbomYl4TjHlvIoCWRpE7wFt02EpB35VVA2ImcBVqw=="
    },
    "node_modules/readable-stream": {
      "version": "3.6.0",
      "resolved": "https://registry.npmjs.org/readable-stream/-/readable-stream-3.6.0.tgz",
      "integrity": "sha512-BViHy7LKeTz4oNnkcLJ+lVSL6vpiFeX6/d3oSH8zCW7UxP2onchk+vTGB143xuFjHS3deTgkKoXXymXqymiIdA==",
      "dependencies": {
        "inherits": "^2.0.3",
        "string_decoder": "^1.1.1",
        "util-deprecate": "^1.0.1"
      },
      "engines": {
        "node": ">= 6"
      }
    },
    "node_modules/redeyed": {
      "version": "0.4.4",
      "resolved": "https://registry.npmjs.org/redeyed/-/redeyed-0.4.4.tgz",
      "integrity": "sha1-N+mQpvKyGyoRwuakj9QTVpjLqX8=",
      "dependencies": {
        "esprima": "~1.0.4"
      }
    },
    "node_modules/resolve-protobuf-schema": {
      "version": "2.1.0",
      "resolved": "https://registry.npmjs.org/resolve-protobuf-schema/-/resolve-protobuf-schema-2.1.0.tgz",
      "integrity": "sha512-kI5ffTiZWmJaS/huM8wZfEMer1eRd7oJQhDuxeCLe3t7N7mX3z94CN0xPxBQxFYQTSNz9T0i+v6inKqSdK8xrQ==",
      "dependencies": {
        "protocol-buffers-schema": "^3.3.1"
      }
    },
    "node_modules/safe-buffer": {
      "version": "5.2.1",
      "resolved": "https://registry.npmjs.org/safe-buffer/-/safe-buffer-5.2.1.tgz",
      "integrity": "sha512-rp3So07KcdmmKbGvgaNxQSJr7bGVSVk5S9Eq1F+ppbRo70+YeaDxkw5Dd8NPN+GD6bjnYm2VuPuCXmpuYvmCXQ==",
      "funding": [
        {
          "type": "github",
          "url": "https://github.com/sponsors/feross"
        },
        {
          "type": "patreon",
          "url": "https://www.patreon.com/feross"
        },
        {
          "type": "consulting",
          "url": "https://feross.org/support"
        }
      ]
    },
    "node_modules/sharkdown": {
      "version": "0.1.1",
      "resolved": "https://registry.npmjs.org/sharkdown/-/sharkdown-0.1.1.tgz",
      "integrity": "sha512-exwooSpmo5s45lrexgz6Q0rFQM574wYIX3iDZ7RLLqOb7IAoQZu9nxlZODU972g19sR69OIpKP2cpHTzU+PHIg==",
      "dependencies": {
        "cardinal": "~0.4.2",
        "minimist": "0.0.5",
        "split": "~0.2.10"
      },
      "bin": {
        "sharkdown": "sharkdown"
      }
    },
    "node_modules/sharkdown/node_modules/minimist": {
      "version": "0.0.5",
      "resolved": "https://registry.npmjs.org/minimist/-/minimist-0.0.5.tgz",
      "integrity": "sha1-16oye87PUY+RBqxrjwA/o7zqhWY="
    },
    "node_modules/split": {
      "version": "0.2.10",
      "resolved": "https://registry.npmjs.org/split/-/split-0.2.10.tgz",
      "integrity": "sha1-Zwl8YB1pfOE2j0GPBs0gHPBSGlc=",
      "dependencies": {
        "through": "2"
      },
      "engines": {
        "node": "*"
      }
    },
    "node_modules/string_decoder": {
      "version": "1.3.0",
      "resolved": "https://registry.npmjs.org/string_decoder/-/string_decoder-1.3.0.tgz",
      "integrity": "sha512-hkRX8U1WjJFd8LsDJ2yQ/wWWxaopEsABU1XfkM8A+j0+85JAGppt16cr1Whg6KIbb4okU6Mql6BOj+uup/wKeA==",
      "dependencies": {
        "safe-buffer": "~5.2.0"
      }
    },
    "node_modules/through": {
      "version": "2.2.7",
      "resolved": "https://registry.npmjs.org/through/-/through-2.2.7.tgz",
      "integrity": "sha1-bo4hIAGR1OtqmfbwEN9Gqhxusr0="
    },
    "node_modules/tiny-inflate": {
      "version": "1.0.3",
      "resolved": "https://registry.npmjs.org/tiny-inflate/-/tiny-inflate-1.0.3.tgz",
      "integrity": "sha512-pkY1fj1cKHb2seWDy0B16HeWyczlJA9/WW3u3c4z/NiWDsO3DOU5D7nhTLE9CF0yXv/QZFY7sEJmj24dK+Rrqw=="
    },
    "node_modules/tiny-osmpbf": {
      "version": "0.1.0",
      "resolved": "https://registry.npmjs.org/tiny-osmpbf/-/tiny-osmpbf-0.1.0.tgz",
      "integrity": "sha1-ColXFxE+vmquNjxL5e76js2vuSc=",
      "dependencies": {
        "pbf": "^3.0.4",
        "tiny-inflate": "^1.0.2"
      }
    },
    "node_modules/typedarray": {
      "version": "0.0.6",
      "resolved": "https://registry.npmjs.org/typedarray/-/typedarray-0.0.6.tgz",
      "integrity": "sha1-hnrHTjhkGHsdPUfZlqeOxciDB3c="
    },
    "node_modules/util-deprecate": {
      "version": "1.0.2",
      "resolved": "https://registry.npmjs.org/util-deprecate/-/util-deprecate-1.0.2.tgz",
      "integrity": "sha1-RQ1Nyfpw3nMnYvvS1KKJgUGaDM8="
    },
    "node_modules/wgs84": {
      "version": "0.0.0",
      "resolved": "https://registry.npmjs.org/wgs84/-/wgs84-0.0.0.tgz",
      "integrity": "sha1-NP3FVZF7blfPKigu0ENxDASc3HY="
    },
    "node_modules/wordwrap": {
      "version": "0.0.3",
      "resolved": "https://registry.npmjs.org/wordwrap/-/wordwrap-0.0.3.tgz",
      "integrity": "sha1-o9XabNXAvAAI03I0u68b7WMFkQc=",
      "engines": {
        "node": ">=0.4.0"
      }
    },
    "node_modules/xmldom": {
      "version": "0.1.31",
      "resolved": "https://registry.npmjs.org/xmldom/-/xmldom-0.1.31.tgz",
      "integrity": "sha512-yS2uJflVQs6n+CyjHoaBmVSqIDevTAWrzMmjG1Gc7h1qQ7uVozNhEPJAwZXWyGQ/Gafo3fCwrcaokezLPupVyQ==",
      "deprecated": "Deprecated due to CVE-2021-21366 resolved in 0.5.0",
      "engines": {
        "node": ">=0.1"
      }
    }
  },
  "dependencies": {
    "@mapbox/geojson-area": {
      "version": "0.2.2",
      "resolved": "https://registry.npmjs.org/@mapbox/geojson-area/-/geojson-area-0.2.2.tgz",
      "integrity": "sha1-GNeBSqNr8j+7zDefjiaiKSfevxA=",
      "requires": {
        "wgs84": "0.0.0"
      }
    },
    "@mapbox/geojson-rewind": {
      "version": "0.4.0",
      "resolved": "https://registry.npmjs.org/@mapbox/geojson-rewind/-/geojson-rewind-0.4.0.tgz",
      "integrity": "sha512-b+1uPWBERW4Pet/969BNu61ZPDyH2ilIxBjJDFzxyS9TyszF9UrTQyYIl/G38clux3rtpAGGFSGTCSF/qR6UjA==",
      "requires": {
        "@mapbox/geojson-area": "0.2.2",
        "concat-stream": "~1.6.0",
        "minimist": "1.2.0",
        "sharkdown": "^0.1.0"
      },
      "dependencies": {
        "concat-stream": {
          "version": "1.6.2",
          "resolved": "https://registry.npmjs.org/concat-stream/-/concat-stream-1.6.2.tgz",
          "integrity": "sha512-27HBghJxjiZtIk3Ycvn/4kbJk/1uZuJFfuPEns6LaEvpvG1f0hTea8lilrouyo9mVc2GWdcEZ8OLoGmSADlrCw==",
          "requires": {
            "buffer-from": "^1.0.0",
            "inherits": "^2.0.3",
            "readable-stream": "^2.2.2",
            "typedarray": "^0.0.6"
          }
        },
        "readable-stream": {
          "version": "2.3.7",
          "resolved": "https://registry.npmjs.org/readable-stream/-/readable-stream-2.3.7.tgz",
          "integrity": "sha512-Ebho8K4jIbHAxnuxi7o42OrZgF/ZTNcsZj6nRKyUmkhLFq8CHItp/fy6hQZuZmP/n3yZ9VBUbp4zz/mX8hmYPw==",
          "requires": {
            "core-util-is": "~1.0.0",
            "inherits": "~2.0.3",
            "isarray": "~1.0.0",
            "process-nextick-args": "~2.0.0",
            "safe-buffer": "~5.1.1",
            "string_decoder": "~1.1.1",
            "util-deprecate": "~1.0.1"
          }
        },
        "safe-buffer": {
          "version": "5.1.2",
          "resolved": "https://registry.npmjs.org/safe-buffer/-/safe-buffer-5.1.2.tgz",
          "integrity": "sha512-Gd2UZBJDkXlY7GbJxfsE8/nvKkUEU1G38c1siN6QP6a9PT9MmHB8GnpscSmMJSoF8LOIrt8ud/wPtojys4G6+g=="
        },
        "string_decoder": {
          "version": "1.1.1",
          "resolved": "https://registry.npmjs.org/string_decoder/-/string_decoder-1.1.1.tgz",
          "integrity": "sha512-n/ShnvDi6FHbbVfviro+WojiFzv+s8MPMHBczVePfUpDJLwoLT0ht1l4YwBCbi8pJAveEEdnkHyPyTP/mzRfwg==",
          "requires": {
            "safe-buffer": "~5.1.0"
          }
        }
      }
    },
    "@types/geojson": {
      "version": "1.0.6",
      "resolved": "https://registry.npmjs.org/@types/geojson/-/geojson-1.0.6.tgz",
      "integrity": "sha512-Xqg/lIZMrUd0VRmSRbCAewtwGZiAk3mEUDvV4op1tGl+LvyPcb/MIOSxTl9z+9+J+R4/vpjiCAT4xeKzH9ji1w==",
      "optional": true
    },
    "ansicolors": {
      "version": "0.2.1",
      "resolved": "https://registry.npmjs.org/ansicolors/-/ansicolors-0.2.1.tgz",
      "integrity": "sha1-vgiVmQl7dKXJxKhKDNvNtivYeu8="
    },
    "buffer-from": {
      "version": "1.1.2",
      "resolved": "https://registry.npmjs.org/buffer-from/-/buffer-from-1.1.2.tgz",
      "integrity": "sha512-E+XQCRwSbaaiChtv6k6Dwgc+bx+Bs6vuKJHHl5kox/BaKbhiXzqQOwK4cO22yElGp2OCmjwVhT3HmxgyPGnJfQ=="
    },
    "cardinal": {
      "version": "0.4.4",
      "resolved": "https://registry.npmjs.org/cardinal/-/cardinal-0.4.4.tgz",
      "integrity": "sha1-ylu2iltRG5D+k7ms6km97lwyv+I=",
      "requires": {
        "ansicolors": "~0.2.1",
        "redeyed": "~0.4.0"
      }
    },
    "concat-stream": {
      "version": "2.0.0",
      "resolved": "https://registry.npmjs.org/concat-stream/-/concat-stream-2.0.0.tgz",
      "integrity": "sha512-MWufYdFw53ccGjCA+Ol7XJYpAlW6/prSMzuPOTRnJGcGzuhLn4Scrz7qf6o8bROZ514ltazcIFJZevcfbo0x7A==",
      "requires": {
        "buffer-from": "^1.0.0",
        "inherits": "^2.0.3",
        "readable-stream": "^3.0.2",
        "typedarray": "^0.0.6"
      }
    },
    "core-util-is": {
      "version": "1.0.3",
      "resolved": "https://registry.npmjs.org/core-util-is/-/core-util-is-1.0.3.tgz",
      "integrity": "sha512-ZQBvi1DcpJ4GDqanjucZ2Hj3wEO5pZDS89BWbkcrvdxksJorwUDDZamX9ldFkp9aw2lmBDLgkObEA4DWNJ9FYQ=="
    },
    "domelementtype": {
      "version": "1.3.1",
      "resolved": "https://registry.npmjs.org/domelementtype/-/domelementtype-1.3.1.tgz",
      "integrity": "sha512-BSKB+TSpMpFI/HOxCNr1O8aMOTZ8hT3pM3GQ0w/mWRmkhEDSFJkkyzz4XQsBV44BChwGkrDfMyjVD0eA2aFV3w=="
    },
    "domhandler": {
      "version": "2.2.1",
      "resolved": "https://registry.npmjs.org/domhandler/-/domhandler-2.2.1.tgz",
      "integrity": "sha1-Wd+dzSJ+gIs2Wuc+H2aErD2Ub8I=",
      "requires": {
        "domelementtype": "1"
      }
    },
    "domutils": {
      "version": "1.3.0",
      "resolved": "https://registry.npmjs.org/domutils/-/domutils-1.3.0.tgz",
      "integrity": "sha1-mtTVm1r2ymhMYv5tdo7xcOcN8ZI=",
      "requires": {
        "domelementtype": "1"
      }
    },
    "esprima": {
      "version": "1.0.4",
      "resolved": "https://registry.npmjs.org/esprima/-/esprima-1.0.4.tgz",
      "integrity": "sha1-n1V+CPw7TSbs6d00+Pv0drYlha0="
    },
    "geojson-numeric": {
      "version": "0.2.1",
      "resolved": "https://registry.npmjs.org/geojson-numeric/-/geojson-numeric-0.2.1.tgz",
      "integrity": "sha512-rvItMp3W7pe16o2EQTnRw54v6WHdiE4bYjUsdr3FZskFb6oPC7gjLe4zginP+Wd1B/HLl2acTukfn16Lmwn7lg==",
      "requires": {
        "concat-stream": "2.0.0",
        "optimist": "~0.3.5"
      }
    },
    "htmlparser2": {
      "version": "3.5.1",
      "resolved": "https://registry.npmjs.org/htmlparser2/-/htmlparser2-3.5.1.tgz",
      "integrity": "sha1-b0L3ZX3RnBP31l3pEYQXOUoL5tA=",
      "requires": {
        "domelementtype": "1",
        "domhandler": "2.2",
        "domutils": "1.3",
        "readable-stream": "1.1"
      },
      "dependencies": {
        "isarray": {
          "version": "0.0.1",
          "resolved": "https://registry.npmjs.org/isarray/-/isarray-0.0.1.tgz",
          "integrity": "sha1-ihis/Kmo9Bd+Cav8YDiTmwXR7t8="
        },
        "readable-stream": {
          "version": "1.1.14",
          "resolved": "https://registry.npmjs.org/readable-stream/-/readable-stream-1.1.14.tgz",
          "integrity": "sha1-fPTFTvZI44EwhMY23SB54WbAgdk=",
          "requires": {
            "core-util-is": "~1.0.0",
            "inherits": "~2.0.1",
            "isarray": "0.0.1",
            "string_decoder": "~0.10.x"
          }
        },
        "string_decoder": {
          "version": "0.10.31",
          "resolved": "https://registry.npmjs.org/string_decoder/-/string_decoder-0.10.31.tgz",
          "integrity": "sha1-YuIDvEF2bGwoyfyEMB2rHFMQ+pQ="
        }
      }
    },
    "ieee754": {
      "version": "1.2.1",
      "resolved": "https://registry.npmjs.org/ieee754/-/ieee754-1.2.1.tgz",
      "integrity": "sha512-dcyqhDvX1C46lXZcVqCpK+FtMRQVdIMN6/Df5js2zouUsqG7I6sFxitIC+7KYK29KdXOLHdu9zL4sFnoVQnqaA=="
    },
    "inherits": {
      "version": "2.0.4",
      "resolved": "https://registry.npmjs.org/inherits/-/inherits-2.0.4.tgz",
      "integrity": "sha512-k/vGaX4/Yla3WzyMCvTQOXYeIHvqOKtnqBduzTHpzpQZzAskKMhZ2K+EnBiSM9zGSoIFeMpXKxa4dYeZIQqewQ=="
    },
    "isarray": {
      "version": "1.0.0",
      "resolved": "https://registry.npmjs.org/isarray/-/isarray-1.0.0.tgz",
      "integrity": "sha1-u5NdSFgsuhaMBoNJV6VKPgcSTxE="
    },
    "jsonparse": {
      "version": "0.0.5",
      "resolved": "https://registry.npmjs.org/jsonparse/-/jsonparse-0.0.5.tgz",
      "integrity": "sha1-MwVCrT8KZUZlt3jz6y2an6UHrGQ="
    },
    "JSONStream": {
      "version": "0.8.0",
      "resolved": "https://registry.npmjs.org/JSONStream/-/JSONStream-0.8.0.tgz",
      "integrity": "sha1-78Ri1aW8lOwAf0siVxrNf28q4BM=",
      "requires": {
        "jsonparse": "0.0.5",
        "through": "~2.2.7"
      }
    },
    "minimist": {
      "version": "1.2.0",
      "resolved": "https://registry.npmjs.org/minimist/-/minimist-1.2.0.tgz",
      "integrity": "sha1-o1AIsg9BOD7sH7kU9M1d95omQoQ="
    },
    "optimist": {
      "version": "0.3.7",
      "resolved": "https://registry.npmjs.org/optimist/-/optimist-0.3.7.tgz",
      "integrity": "sha1-yQlBrVnkJzMokjB00s8ufLxuwNk=",
      "requires": {
        "wordwrap": "~0.0.2"
      }
    },
    "osm-polygon-features": {
      "version": "0.9.2",
      "resolved": "https://registry.npmjs.org/osm-polygon-features/-/osm-polygon-features-0.9.2.tgz",
      "integrity": "sha1-IK5BEwxIbkmjsqPCtYoUGcSYZ3g="
    },
    "osmtogeojson": {
      "version": "3.0.0-beta.4",
      "resolved": "https://registry.npmjs.org/osmtogeojson/-/osmtogeojson-3.0.0-beta.4.tgz",
      "integrity": "sha512-GwNy2w5JKOplOBspagcNhCDhBRV6Du2BCvcLkaA7nX12U86Dl2Ciw9zs/VzFFTXfyZlaK+7bGCWN2SNlfn/jOA==",
      "requires": {
        "@mapbox/geojson-rewind": "0.4.0",
        "@types/geojson": "^1.0.2",
        "concat-stream": "2.0.0",
        "geojson-numeric": "0.2.1",
        "htmlparser2": "3.5.1",
        "JSONStream": "0.8.0",
        "optimist": "~0.3.5",
        "osm-polygon-features": "^0.9.1",
        "tiny-osmpbf": "^0.1.0",
        "xmldom": "~0.1.16"
      }
    },
    "pbf": {
      "version": "3.2.1",
      "resolved": "https://registry.npmjs.org/pbf/-/pbf-3.2.1.tgz",
      "integrity": "sha512-ClrV7pNOn7rtmoQVF4TS1vyU0WhYRnP92fzbfF75jAIwpnzdJXf8iTd4CMEqO4yUenH6NDqLiwjqlh6QgZzgLQ==",
      "requires": {
        "ieee754": "^1.1.12",
        "resolve-protobuf-schema": "^2.1.0"
      }
    },
    "process-nextick-args": {
      "version": "2.0.1",
      "resolved": "https://registry.npmjs.org/process-nextick-args/-/process-nextick-args-2.0.1.tgz",
      "integrity": "sha512-3ouUOpQhtgrbOa17J7+uxOTpITYWaGP7/AhoR3+A+/1e9skrzelGi/dXzEYyvbxubEF6Wn2ypscTKiKJFFn1ag=="
    },
    "protocol-buffers-schema": {
      "version": "3.6.0",
      "resolved": "https://registry.npmjs.org/protocol-buffers-schema/-/protocol-buffers-schema-3.6.0.tgz",
      "integrity": "sha512-TdDRD+/QNdrCGCE7v8340QyuXd4kIWIgapsE2+n/SaGiSSbomYl4TjHlvIoCWRpE7wFt02EpB35VVA2ImcBVqw=="
    },
    "readable-stream": {
      "version": "3.6.0",
      "resolved": "https://registry.npmjs.org/readable-stream/-/readable-stream-3.6.0.tgz",
      "integrity": "sha512-BViHy7LKeTz4oNnkcLJ+lVSL6vpiFeX6/d3oSH8zCW7UxP2onchk+vTGB143xuFjHS3deTgkKoXXymXqymiIdA==",
      "requires": {
        "inherits": "^2.0.3",
        "string_decoder": "^1.1.1",
        "util-deprecate": "^1.0.1"
      }
    },
    "redeyed": {
      "version": "0.4.4",
      "resolved": "https://registry.npmjs.org/redeyed/-/redeyed-0.4.4.tgz",
      "integrity": "sha1-N+mQpvKyGyoRwuakj9QTVpjLqX8=",
      "requires": {
        "esprima": "~1.0.4"
      }
    },
    "resolve-protobuf-schema": {
      "version": "2.1.0",
      "resolved": "https://registry.npmjs.org/resolve-protobuf-schema/-/resolve-protobuf-schema-2.1.0.tgz",
      "integrity": "sha512-kI5ffTiZWmJaS/huM8wZfEMer1eRd7oJQhDuxeCLe3t7N7mX3z94CN0xPxBQxFYQTSNz9T0i+v6inKqSdK8xrQ==",
      "requires": {
        "protocol-buffers-schema": "^3.3.1"
      }
    },
    "safe-buffer": {
      "version": "5.2.1",
      "resolved": "https://registry.npmjs.org/safe-buffer/-/safe-buffer-5.2.1.tgz",
      "integrity": "sha512-rp3So07KcdmmKbGvgaNxQSJr7bGVSVk5S9Eq1F+ppbRo70+YeaDxkw5Dd8NPN+GD6bjnYm2VuPuCXmpuYvmCXQ=="
    },
    "sharkdown": {
      "version": "0.1.1",
      "resolved": "https://registry.npmjs.org/sharkdown/-/sharkdown-0.1.1.tgz",
      "integrity": "sha512-exwooSpmo5s45lrexgz6Q0rFQM574wYIX3iDZ7RLLqOb7IAoQZu9nxlZODU972g19sR69OIpKP2cpHTzU+PHIg==",
      "requires": {
        "cardinal": "~0.4.2",
        "minimist": "0.0.5",
        "split": "~0.2.10"
      },
      "dependencies": {
        "minimist": {
          "version": "0.0.5",
          "resolved": "https://registry.npmjs.org/minimist/-/minimist-0.0.5.tgz",
          "integrity": "sha1-16oye87PUY+RBqxrjwA/o7zqhWY="
        }
      }
    },
    "split": {
      "version": "0.2.10",
      "resolved": "https://registry.npmjs.org/split/-/split-0.2.10.tgz",
      "integrity": "sha1-Zwl8YB1pfOE2j0GPBs0gHPBSGlc=",
      "requires": {
        "through": "2"
      }
    },
    "string_decoder": {
      "version": "1.3.0",
      "resolved": "https://registry.npmjs.org/string_decoder/-/string_decoder-1.3.0.tgz",
      "integrity": "sha512-hkRX8U1WjJFd8LsDJ2yQ/wWWxaopEsABU1XfkM8A+j0+85JAGppt16cr1Whg6KIbb4okU6Mql6BOj+uup/wKeA==",
      "requires": {
        "safe-buffer": "~5.2.0"
      }
    },
    "through": {
      "version": "2.2.7",
      "resolved": "https://registry.npmjs.org/through/-/through-2.2.7.tgz",
      "integrity": "sha1-bo4hIAGR1OtqmfbwEN9Gqhxusr0="
    },
    "tiny-inflate": {
      "version": "1.0.3",
      "resolved": "https://registry.npmjs.org/tiny-inflate/-/tiny-inflate-1.0.3.tgz",
      "integrity": "sha512-pkY1fj1cKHb2seWDy0B16HeWyczlJA9/WW3u3c4z/NiWDsO3DOU5D7nhTLE9CF0yXv/QZFY7sEJmj24dK+Rrqw=="
    },
    "tiny-osmpbf": {
      "version": "0.1.0",
      "resolved": "https://registry.npmjs.org/tiny-osmpbf/-/tiny-osmpbf-0.1.0.tgz",
      "integrity": "sha1-ColXFxE+vmquNjxL5e76js2vuSc=",
      "requires": {
        "pbf": "^3.0.4",
        "tiny-inflate": "^1.0.2"
      }
    },
    "typedarray": {
      "version": "0.0.6",
      "resolved": "https://registry.npmjs.org/typedarray/-/typedarray-0.0.6.tgz",
      "integrity": "sha1-hnrHTjhkGHsdPUfZlqeOxciDB3c="
    },
    "util-deprecate": {
      "version": "1.0.2",
      "resolved": "https://registry.npmjs.org/util-deprecate/-/util-deprecate-1.0.2.tgz",
      "integrity": "sha1-RQ1Nyfpw3nMnYvvS1KKJgUGaDM8="
    },
    "wgs84": {
      "version": "0.0.0",
      "resolved": "https://registry.npmjs.org/wgs84/-/wgs84-0.0.0.tgz",
      "integrity": "sha1-NP3FVZF7blfPKigu0ENxDASc3HY="
    },
    "wordwrap": {
      "version": "0.0.3",
      "resolved": "https://registry.npmjs.org/wordwrap/-/wordwrap-0.0.3.tgz",
      "integrity": "sha1-o9XabNXAvAAI03I0u68b7WMFkQc="
    },
    "xmldom": {
      "version": "0.1.31",
      "resolved": "https://registry.npmjs.org/xmldom/-/xmldom-0.1.31.tgz",
      "integrity": "sha512-yS2uJflVQs6n+CyjHoaBmVSqIDevTAWrzMmjG1Gc7h1qQ7uVozNhEPJAwZXWyGQ/Gafo3fCwrcaokezLPupVyQ=="
    }
  }
}
